
Microsoft Visual Studio Solution File, Format Version 12.00
# Visual Studio Version 17
VisualStudioVersion = 17.9.34723.18
MinimumVisualStudioVersion = 10.0.40219.1
Project("{FAE04EC0-301F-11D3-BF4B-00C04F79EFBC}") = "SkandinavLotto", "SkandinavLotto\SkandinavLotto.csproj", "{BAD8911A-23B5-49AE-BC93-98800E31501B}"
EndProject
Global
	GlobalSection(SolutionConfigurationPlatforms) = preSolution
		Debug|Any CPU = Debug|Any CPU
		Release|Any CPU = Release|Any CPU
	EndGlobalSection
	GlobalSection(ProjectConfigurationPlatforms) = postSolution
		{BAD8911A-23B5-49AE-BC93-98800E31501B}.Debug|Any CPU.ActiveCfg = Debug|Any CPU
		{BAD8911A-23B5-49AE-BC93-98800E31501B}.Debug|Any CPU.Build.0 = Debug|Any CPU
		{BAD8911A-23B5-49AE-BC93-98800E31501B}.Release|Any CPU.ActiveCfg = Release|Any CPU
		{BAD8911A-23B5-49AE-BC93-98800E31501B}.Release|Any CPU.Build.0 = Release|Any CPU
	EndGlobalSection
	GlobalSection(SolutionProperties) = preSolution
		HideSolutionNode = FALSE
	EndGlobalSection
	GlobalSection(ExtensibilityGlobals) = postSolution
		SolutionGuid = {C5E8845F-16A4-402E-BA4E-14590C44BD95}
	EndGlobalSection
EndGlobal
